
Microsoft Visual Studio Solution File, Format Version 12.00
# Visual Studio Version 17
VisualStudioVersion = 17.3.32929.385
MinimumVisualStudioVersion = 10.0.40219.1
Project("{FAE04EC0-301F-11D3-BF4B-00C04F79EFBC}") = "BusinessTracker", "BusinessTracker\BusinessTracker.csproj", "{BAF05E7C-F243-4559-9B3A-1A4617D0D170}"
EndProject
Global
	GlobalSection(SolutionConfigurationPlatforms) = preSolution
		Debug|Any CPU = Debug|Any CPU
		Release|Any CPU = Release|Any CPU
	EndGlobalSection
	GlobalSection(ProjectConfigurationPlatforms) = postSolution
		{BAF05E7C-F243-4559-9B3A-1A4617D0D170}.Debug|Any CPU.ActiveCfg = Debug|Any CPU
		{BAF05E7C-F243-4559-9B3A-1A4617D0D170}.Debug|Any CPU.Build.0 = Debug|Any CPU
		{BAF05E7C-F243-4559-9B3A-1A4617D0D170}.Release|Any CPU.ActiveCfg = Release|Any CPU
		{BAF05E7C-F243-4559-9B3A-1A4617D0D170}.Release|Any CPU.Build.0 = Release|Any CPU
	EndGlobalSection
	GlobalSection(SolutionProperties) = preSolution
		HideSolutionNode = FALSE
	EndGlobalSection
	GlobalSection(ExtensibilityGlobals) = postSolution
		SolutionGuid = {C898B747-8FA8-46F0-A35B-D1F35F5951A7}
	EndGlobalSection
EndGlobal
